
Microsoft Visual Studio Solution File, Format Version 12.00
# Visual Studio 15
VisualStudioVersion = 15.0.28307.852
MinimumVisualStudioVersion = 10.0.40219.1
Project("{FAE04EC0-301F-11D3-BF4B-00C04F79EFBC}") = "MvcProject", "MvcProject\MvcProject.csproj", "{61F060D0-BF2E-4EA9-9C15-96B2E54504BB}"
EndProject
Project("{FAE04EC0-301F-11D3-BF4B-00C04F79EFBC}") = "MvcProject.Test", "MvcProject.Test\MvcProject.Test.csproj", "{5EEE01C5-F70A-41FF-B078-B93B4869CDDE}"
EndProject
Global
	GlobalSection(SolutionConfigurationPlatforms) = preSolution
		Debug|Any CPU = Debug|Any CPU
		Release|Any CPU = Release|Any CPU
	EndGlobalSection
	GlobalSection(ProjectConfigurationPlatforms) = postSolution
		{61F060D0-BF2E-4EA9-9C15-96B2E54504BB}.Debug|Any CPU.ActiveCfg = Debug|Any CPU
		{61F060D0-BF2E-4EA9-9C15-96B2E54504BB}.Debug|Any CPU.Build.0 = Debug|Any CPU
		{61F060D0-BF2E-4EA9-9C15-96B2E54504BB}.Release|Any CPU.ActiveCfg = Release|Any CPU
		{61F060D0-BF2E-4EA9-9C15-96B2E54504BB}.Release|Any CPU.Build.0 = Release|Any CPU
		{5EEE01C5-F70A-41FF-B078-B93B4869CDDE}.Debug|Any CPU.ActiveCfg = Debug|Any CPU
		{5EEE01C5-F70A-41FF-B078-B93B4869CDDE}.Debug|Any CPU.Build.0 = Debug|Any CPU
		{5EEE01C5-F70A-41FF-B078-B93B4869CDDE}.Release|Any CPU.ActiveCfg = Release|Any CPU
		{5EEE01C5-F70A-41FF-B078-B93B4869CDDE}.Release|Any CPU.Build.0 = Release|Any CPU
	EndGlobalSection
	GlobalSection(SolutionProperties) = preSolution
		HideSolutionNode = FALSE
	EndGlobalSection
	GlobalSection(ExtensibilityGlobals) = postSolution
		SolutionGuid = {20BD5649-1BDD-45A5-A011-C68619CAE238}
	EndGlobalSection
EndGlobal
